
Microsoft Visual Studio Solution File, Format Version 12.00
# Visual Studio Version 17
VisualStudioVersion = 17.0.31903.59
MinimumVisualStudioVersion = 10.0.40219.1
Project("{FAE04EC0-301F-11D3-BF4B-00C04F79EFBC}") = "Ticketing.Command", "src\Ticketing.Command\Ticketing.Command.csproj", "{544F7871-9A6B-42A4-82F1-DE1E98605885}"
EndProject
Project("{FAE04EC0-301F-11D3-BF4B-00C04F79EFBC}") = "Ticketing.Query", "src\Ticketing.Query\Ticketing.Query.csproj", "{0575D683-1F51-48C3-B0E9-20036EC2CA57}"
EndProject
Project("{FAE04EC0-301F-11D3-BF4B-00C04F79EFBC}") = "Common.Core", "Common\Common.Core\Common.Core.csproj", "{0B3EDFBE-2C22-4ECE-9D59-D213B5608E4B}"
EndProject
Global
	GlobalSection(SolutionConfigurationPlatforms) = preSolution
		Debug|Any CPU = Debug|Any CPU
		Release|Any CPU = Release|Any CPU
	EndGlobalSection
	GlobalSection(ProjectConfigurationPlatforms) = postSolution
		{544F7871-9A6B-42A4-82F1-DE1E98605885}.Debug|Any CPU.ActiveCfg = Debug|Any CPU
		{544F7871-9A6B-42A4-82F1-DE1E98605885}.Debug|Any CPU.Build.0 = Debug|Any CPU
		{544F7871-9A6B-42A4-82F1-DE1E98605885}.Release|Any CPU.ActiveCfg = Release|Any CPU
		{544F7871-9A6B-42A4-82F1-DE1E98605885}.Release|Any CPU.Build.0 = Release|Any CPU
		{0575D683-1F51-48C3-B0E9-20036EC2CA57}.Debug|Any CPU.ActiveCfg = Debug|Any CPU
		{0575D683-1F51-48C3-B0E9-20036EC2CA57}.Debug|Any CPU.Build.0 = Debug|Any CPU
		{0575D683-1F51-48C3-B0E9-20036EC2CA57}.Release|Any CPU.ActiveCfg = Release|Any CPU
		{0575D683-1F51-48C3-B0E9-20036EC2CA57}.Release|Any CPU.Build.0 = Release|Any CPU
		{0B3EDFBE-2C22-4ECE-9D59-D213B5608E4B}.Debug|Any CPU.ActiveCfg = Debug|Any CPU
		{0B3EDFBE-2C22-4ECE-9D59-D213B5608E4B}.Debug|Any CPU.Build.0 = Debug|Any CPU
		{0B3EDFBE-2C22-4ECE-9D59-D213B5608E4B}.Release|Any CPU.ActiveCfg = Release|Any CPU
		{0B3EDFBE-2C22-4ECE-9D59-D213B5608E4B}.Release|Any CPU.Build.0 = Release|Any CPU
	EndGlobalSection
	GlobalSection(SolutionProperties) = preSolution
		HideSolutionNode = FALSE
	EndGlobalSection
	GlobalSection(ExtensibilityGlobals) = postSolution
		SolutionGuid = {2D7873BC-F9D4-459E-BAC7-1F6041E8AFE4}
	EndGlobalSection
EndGlobal
